// !$*UTF8*$!
{
	archiveVersion = 1;
	classes = {
	};
	objectVersion = 51;
	objects = {

/* Begin PBXBuildFile section */
		333C257423C90B7500740E44 /* UIView+extensions.swift in Sources */ = {isa = PBXBuildFile; fileRef = 333C257323C90B7500740E44 /* UIView+extensions.swift */; };
		333F486723C67512005DED20 /* ScannerVC.swift in Sources */ = {isa = PBXBuildFile; fileRef = 333F486623C67512005DED20 /* ScannerVC.swift */; };
		333F486923C67548005DED20 /* SettingsVC.swift in Sources */ = {isa = PBXBuildFile; fileRef = 333F486823C67548005DED20 /* SettingsVC.swift */; };
		333F486B23C67563005DED20 /* MailsTableVC.swift in Sources */ = {isa = PBXBuildFile; fileRef = 333F486A23C67563005DED20 /* MailsTableVC.swift */; };
		333FAA3123C88C38004DF5D0 /* MailAPI.swift in Sources */ = {isa = PBXBuildFile; fileRef = 333FAA3023C88C38004DF5D0 /* MailAPI.swift */; };
		333FAA3523C88D1A004DF5D0 /* ErrorResult.swift in Sources */ = {isa = PBXBuildFile; fileRef = 333FAA3423C88D1A004DF5D0 /* ErrorResult.swift */; };
		333FAA3723C88D6B004DF5D0 /* MailOwner.swift in Sources */ = {isa = PBXBuildFile; fileRef = 333FAA3623C88D6B004DF5D0 /* MailOwner.swift */; };
		3340ACCD23C7D08300F80D6A /* ImageDetailVC.swift in Sources */ = {isa = PBXBuildFile; fileRef = 3340ACCC23C7D08300F80D6A /* ImageDetailVC.swift */; };
		3340ACCF23C8343400F80D6A /* String+extensions.swift in Sources */ = {isa = PBXBuildFile; fileRef = 3340ACCE23C8343300F80D6A /* String+extensions.swift */; };
		335E485023C562C800C401B2 /* GoogleService-Info.plist in Resources */ = {isa = PBXBuildFile; fileRef = 335E484F23C562C800C401B2 /* GoogleService-Info.plist */; };
		335E485223C568CD00C401B2 /* MailDatabase.swift in Sources */ = {isa = PBXBuildFile; fileRef = 335E485123C568CD00C401B2 /* MailDatabase.swift */; };
		335E485523C56FD700C401B2 /* Service.swift in Sources */ = {isa = PBXBuildFile; fileRef = 335E485423C56FD700C401B2 /* Service.swift */; };
		335E485723C57EED00C401B2 /* Mail.swift in Sources */ = {isa = PBXBuildFile; fileRef = 335E485623C57EED00C401B2 /* Mail.swift */; };
		335E485923C580CC00C401B2 /* Constants.swift in Sources */ = {isa = PBXBuildFile; fileRef = 335E485823C580CC00C401B2 /* Constants.swift */; };
		33C9643923C3D6CD00141B0A /* AppDelegate.swift in Sources */ = {isa = PBXBuildFile; fileRef = 33C9643823C3D6CD00141B0A /* AppDelegate.swift */; };
		33C9643B23C3D6CD00141B0A /* SceneDelegate.swift in Sources */ = {isa = PBXBuildFile; fileRef = 33C9643A23C3D6CD00141B0A /* SceneDelegate.swift */; };
		33C9643D23C3D6CD00141B0A /* ViewController.swift in Sources */ = {isa = PBXBuildFile; fileRef = 33C9643C23C3D6CD00141B0A /* ViewController.swift */; };
		33C9644023C3D6CD00141B0A /* Main.storyboard in Resources */ = {isa = PBXBuildFile; fileRef = 33C9643E23C3D6CD00141B0A /* Main.storyboard */; };
		33C9644223C3D6D100141B0A /* Assets.xcassets in Resources */ = {isa = PBXBuildFile; fileRef = 33C9644123C3D6D100141B0A /* Assets.xcassets */; };
		33C9644523C3D6D100141B0A /* LaunchScreen.storyboard in Resources */ = {isa = PBXBuildFile; fileRef = 33C9644323C3D6D100141B0A /* LaunchScreen.storyboard */; };
		33C9645223C3E14900141B0A /* ScaledElementProcessor.swift in Sources */ = {isa = PBXBuildFile; fileRef = 33C9645123C3E14900141B0A /* ScaledElementProcessor.swift */; };
		33C9645423C3E15500141B0A /* ScaledElement.swift in Sources */ = {isa = PBXBuildFile; fileRef = 33C9645323C3E15500141B0A /* ScaledElement.swift */; };
		33C9645623C3E16C00141B0A /* UIImage+extensions.swift in Sources */ = {isa = PBXBuildFile; fileRef = 33C9645523C3E16C00141B0A /* UIImage+extensions.swift */; };
		33EDFBB523C6C26E00EA2AE2 /* PopUp.storyboard in Resources */ = {isa = PBXBuildFile; fileRef = 33EDFBB423C6C26E00EA2AE2 /* PopUp.storyboard */; };
		33EDFBB723C6C80100EA2AE2 /* MenuVC.swift in Sources */ = {isa = PBXBuildFile; fileRef = 33EDFBB623C6C80100EA2AE2 /* MenuVC.swift */; };
		33EDFBB923C6C81500EA2AE2 /* PopUpVC.swift in Sources */ = {isa = PBXBuildFile; fileRef = 33EDFBB823C6C81500EA2AE2 /* PopUpVC.swift */; };
		33EDFBBB23C6DCB100EA2AE2 /* UIButton+extensions.swift in Sources */ = {isa = PBXBuildFile; fileRef = 33EDFBBA23C6DCB100EA2AE2 /* UIButton+extensions.swift */; };
		33EDFBBE23C6E08900EA2AE2 /* UnderlinedTextField.swift in Sources */ = {isa = PBXBuildFile; fileRef = 33EDFBBD23C6E08900EA2AE2 /* UnderlinedTextField.swift */; };
		4A163C11411DBCAE97F8A14D /* Pods_SnailMail.framework in Frameworks */ = {isa = PBXBuildFile; fileRef = 92FD0AEB3FAD59EFF6E37B89 /* Pods_SnailMail.framework */; };
/* End PBXBuildFile section */

/* Begin PBXFileReference section */
		333C257323C90B7500740E44 /* UIView+extensions.swift */ = {isa = PBXFileReference; lastKnownFileType = sourcecode.swift; path = "UIView+extensions.swift"; sourceTree = "<group>"; };
		333F486623C67512005DED20 /* ScannerVC.swift */ = {isa = PBXFileReference; lastKnownFileType = sourcecode.swift; path = ScannerVC.swift; sourceTree = "<group>"; };
		333F486823C67548005DED20 /* SettingsVC.swift */ = {isa = PBXFileReference; lastKnownFileType = sourcecode.swift; path = SettingsVC.swift; sourceTree = "<group>"; };
		333F486A23C67563005DED20 /* MailsTableVC.swift */ = {isa = PBXFileReference; lastKnownFileType = sourcecode.swift; path = MailsTableVC.swift; sourceTree = "<group>"; };
		333FAA3023C88C38004DF5D0 /* MailAPI.swift */ = {isa = PBXFileReference; lastKnownFileType = sourcecode.swift; path = MailAPI.swift; sourceTree = "<group>"; };
		333FAA3423C88D1A004DF5D0 /* ErrorResult.swift */ = {isa = PBXFileReference; lastKnownFileType = sourcecode.swift; path = ErrorResult.swift; sourceTree = "<group>"; };
		333FAA3623C88D6B004DF5D0 /* MailOwner.swift */ = {isa = PBXFileReference; lastKnownFileType = sourcecode.swift; path = MailOwner.swift; sourceTree = "<group>"; };
		3340ACCC23C7D08300F80D6A /* ImageDetailVC.swift */ = {isa = PBXFileReference; lastKnownFileType = sourcecode.swift; path = ImageDetailVC.swift; sourceTree = "<group>"; };
		3340ACCE23C8343300F80D6A /* String+extensions.swift */ = {isa = PBXFileReference; lastKnownFileType = sourcecode.swift; path = "String+extensions.swift"; sourceTree = "<group>"; };
		335E484F23C562C800C401B2 /* GoogleService-Info.plist */ = {isa = PBXFileReference; fileEncoding = 4; lastKnownFileType = text.plist.xml; path = "GoogleService-Info.plist"; sourceTree = "<group>"; };
		335E485123C568CD00C401B2 /* MailDatabase.swift */ = {isa = PBXFileReference; lastKnownFileType = sourcecode.swift; path = MailDatabase.swift; sourceTree = "<group>"; };
		335E485423C56FD700C401B2 /* Service.swift */ = {isa = PBXFileReference; lastKnownFileType = sourcecode.swift; path = Service.swift; sourceTree = "<group>"; };
		335E485623C57EED00C401B2 /* Mail.swift */ = {isa = PBXFileReference; lastKnownFileType = sourcecode.swift; path = Mail.swift; sourceTree = "<group>"; };
		335E485823C580CC00C401B2 /* Constants.swift */ = {isa = PBXFileReference; lastKnownFileType = sourcecode.swift; path = Constants.swift; sourceTree = "<group>"; };
		33C9643523C3D6CD00141B0A /* SnailMail.app */ = {isa = PBXFileReference; explicitFileType = wrapper.application; includeInIndex = 0; path = SnailMail.app; sourceTree = BUILT_PRODUCTS_DIR; };
		33C9643823C3D6CD00141B0A /* AppDelegate.swift */ = {isa = PBXFileReference; lastKnownFileType = sourcecode.swift; path = AppDelegate.swift; sourceTree = "<group>"; };
		33C9643A23C3D6CD00141B0A /* SceneDelegate.swift */ = {isa = PBXFileReference; lastKnownFileType = sourcecode.swift; path = SceneDelegate.swift; sourceTree = "<group>"; };
		33C9643C23C3D6CD00141B0A /* ViewController.swift */ = {isa = PBXFileReference; lastKnownFileType = sourcecode.swift; path = ViewController.swift; sourceTree = "<group>"; };
		33C9643F23C3D6CD00141B0A /* Base */ = {isa = PBXFileReference; lastKnownFileType = file.storyboard; name = Base; path = Base.lproj/Main.storyboard; sourceTree = "<group>"; };
		33C9644123C3D6D100141B0A /* Assets.xcassets */ = {isa = PBXFileReference; lastKnownFileType = folder.assetcatalog; path = Assets.xcassets; sourceTree = "<group>"; };
		33C9644423C3D6D100141B0A /* Base */ = {isa = PBXFileReference; lastKnownFileType = file.storyboard; name = Base; path = Base.lproj/LaunchScreen.storyboard; sourceTree = "<group>"; };
		33C9644623C3D6D100141B0A /* Info.plist */ = {isa = PBXFileReference; lastKnownFileType = text.plist.xml; path = Info.plist; sourceTree = "<group>"; };
		33C9645123C3E14900141B0A /* ScaledElementProcessor.swift */ = {isa = PBXFileReference; lastKnownFileType = sourcecode.swift; path = ScaledElementProcessor.swift; sourceTree = "<group>"; };
		33C9645323C3E15500141B0A /* ScaledElement.swift */ = {isa = PBXFileReference; lastKnownFileType = sourcecode.swift; path = ScaledElement.swift; sourceTree = "<group>"; };
		33C9645523C3E16C00141B0A /* UIImage+extensions.swift */ = {isa = PBXFileReference; lastKnownFileType = sourcecode.swift; path = "UIImage+extensions.swift"; sourceTree = "<group>"; };
		33EDFBB423C6C26E00EA2AE2 /* PopUp.storyboard */ = {isa = PBXFileReference; lastKnownFileType = file.storyboard; path = PopUp.storyboard; sourceTree = "<group>"; };
		33EDFBB623C6C80100EA2AE2 /* MenuVC.swift */ = {isa = PBXFileReference; lastKnownFileType = sourcecode.swift; path = MenuVC.swift; sourceTree = "<group>"; };
		33EDFBB823C6C81500EA2AE2 /* PopUpVC.swift */ = {isa = PBXFileReference; lastKnownFileType = sourcecode.swift; path = PopUpVC.swift; sourceTree = "<group>"; };
		33EDFBBA23C6DCB100EA2AE2 /* UIButton+extensions.swift */ = {isa = PBXFileReference; lastKnownFileType = sourcecode.swift; path = "UIButton+extensions.swift"; sourceTree = "<group>"; };
		33EDFBBD23C6E08900EA2AE2 /* UnderlinedTextField.swift */ = {isa = PBXFileReference; lastKnownFileType = sourcecode.swift; path = UnderlinedTextField.swift; sourceTree = "<group>"; };
		731A7AC1DCBF795B59B8159F /* Pods-SnailMail.debug.xcconfig */ = {isa = PBXFileReference; includeInIndex = 1; lastKnownFileType = text.xcconfig; name = "Pods-SnailMail.debug.xcconfig"; path = "Target Support Files/Pods-SnailMail/Pods-SnailMail.debug.xcconfig"; sourceTree = "<group>"; };
		82A5BF2FDCA75EABFB40D534 /* Pods-SnailMail.release.xcconfig */ = {isa = PBXFileReference; includeInIndex = 1; lastKnownFileType = text.xcconfig; name = "Pods-SnailMail.release.xcconfig"; path = "Target Support Files/Pods-SnailMail/Pods-SnailMail.release.xcconfig"; sourceTree = "<group>"; };
		92FD0AEB3FAD59EFF6E37B89 /* Pods_SnailMail.framework */ = {isa = PBXFileReference; explicitFileType = wrapper.framework; includeInIndex = 0; path = Pods_SnailMail.framework; sourceTree = BUILT_PRODUCTS_DIR; };
/* End PBXFileReference section */

/* Begin PBXFrameworksBuildPhase section */
		33C9643223C3D6CD00141B0A /* Frameworks */ = {
			isa = PBXFrameworksBuildPhase;
			buildActionMask = 2147483647;
			files = (
				4A163C11411DBCAE97F8A14D /* Pods_SnailMail.framework in Frameworks */,
			);
			runOnlyForDeploymentPostprocessing = 0;
		};
/* End PBXFrameworksBuildPhase section */

/* Begin PBXGroup section */
		333FAA3223C88C78004DF5D0 /* API */ = {
			isa = PBXGroup;
			children = (
				333FAA3023C88C38004DF5D0 /* MailAPI.swift */,
				333FAA3323C88C81004DF5D0 /* ModelAPI */,
			);
			path = API;
			sourceTree = "<group>";
		};
		333FAA3323C88C81004DF5D0 /* ModelAPI */ = {
			isa = PBXGroup;
			children = (
				333FAA3623C88D6B004DF5D0 /* MailOwner.swift */,
				333FAA3423C88D1A004DF5D0 /* ErrorResult.swift */,
			);
			path = ModelAPI;
			sourceTree = "<group>";
		};
		333FAA3823C905CF004DF5D0 /* PopUp */ = {
			isa = PBXGroup;
			children = (
				33EDFBB423C6C26E00EA2AE2 /* PopUp.storyboard */,
				33EDFBB823C6C81500EA2AE2 /* PopUpVC.swift */,
				3340ACCC23C7D08300F80D6A /* ImageDetailVC.swift */,
				33EDFBBD23C6E08900EA2AE2 /* UnderlinedTextField.swift */,
			);
			path = PopUp;
			sourceTree = "<group>";
		};
		333FAA3923C905DC004DF5D0 /* Alert */ = {
			isa = PBXGroup;
			children = (
			);
			path = Alert;
			sourceTree = "<group>";
		};
		335E485323C568D400C401B2 /* Network */ = {
			isa = PBXGroup;
			children = (
				335E485123C568CD00C401B2 /* MailDatabase.swift */,
				333FAA3223C88C78004DF5D0 /* API */,
			);
			path = Network;
			sourceTree = "<group>";
		};
		33C9642C23C3D6CD00141B0A = {
			isa = PBXGroup;
			children = (
				33C9643723C3D6CD00141B0A /* SnailMail */,
				33C9643623C3D6CD00141B0A /* Products */,
				6B2285867B3D8E6742552257 /* Pods */,
				641471742A32207F33594924 /* Frameworks */,
			);
			sourceTree = "<group>";
		};
		33C9643623C3D6CD00141B0A /* Products */ = {
			isa = PBXGroup;
			children = (
				33C9643523C3D6CD00141B0A /* SnailMail.app */,
			);
			name = Products;
			sourceTree = "<group>";
		};
		33C9643723C3D6CD00141B0A /* SnailMail */ = {
			isa = PBXGroup;
			children = (
				33C9643823C3D6CD00141B0A /* AppDelegate.swift */,
				33C9643A23C3D6CD00141B0A /* SceneDelegate.swift */,
				33C9643E23C3D6CD00141B0A /* Main.storyboard */,
				33EDFBB123C6C21F00EA2AE2 /* View */,
				33C9644E23C3E0F600141B0A /* Controllers */,
				33C9644F23C3E10100141B0A /* Model */,
				335E485323C568D400C401B2 /* Network */,
				33C9645023C3E10900141B0A /* Helper */,
				33C9644123C3D6D100141B0A /* Assets.xcassets */,
				33C9644323C3D6D100141B0A /* LaunchScreen.storyboard */,
				33C9644623C3D6D100141B0A /* Info.plist */,
				335E484F23C562C800C401B2 /* GoogleService-Info.plist */,
			);
			path = SnailMail;
			sourceTree = "<group>";
		};
		33C9644E23C3E0F600141B0A /* Controllers */ = {
			isa = PBXGroup;
			children = (
				33C9643C23C3D6CD00141B0A /* ViewController.swift */,
				333F486623C67512005DED20 /* ScannerVC.swift */,
				33EDFBB623C6C80100EA2AE2 /* MenuVC.swift */,
				333F486A23C67563005DED20 /* MailsTableVC.swift */,
				333F486823C67548005DED20 /* SettingsVC.swift */,
			);
			path = Controllers;
			sourceTree = "<group>";
		};
		33C9644F23C3E10100141B0A /* Model */ = {
			isa = PBXGroup;
			children = (
				335E485623C57EED00C401B2 /* Mail.swift */,
				33EDFBBF23C6E9C200EA2AE2 /* Image Processor */,
			);
			path = Model;
			sourceTree = "<group>";
		};
		33C9645023C3E10900141B0A /* Helper */ = {
			isa = PBXGroup;
			children = (
				33EDFBBC23C6DFF200EA2AE2 /* Extensions */,
				335E485423C56FD700C401B2 /* Service.swift */,
				335E485823C580CC00C401B2 /* Constants.swift */,
			);
			path = Helper;
			sourceTree = "<group>";
		};
		33EDFBB123C6C21F00EA2AE2 /* View */ = {
			isa = PBXGroup;
			children = (
				333FAA3923C905DC004DF5D0 /* Alert */,
				333FAA3823C905CF004DF5D0 /* PopUp */,
			);
			path = View;
			sourceTree = "<group>";
		};
		33EDFBBC23C6DFF200EA2AE2 /* Extensions */ = {
			isa = PBXGroup;
			children = (
				33C9645523C3E16C00141B0A /* UIImage+extensions.swift */,
				33EDFBBA23C6DCB100EA2AE2 /* UIButton+extensions.swift */,
				3340ACCE23C8343300F80D6A /* String+extensions.swift */,
				333C257323C90B7500740E44 /* UIView+extensions.swift */,
			);
			path = Extensions;
			sourceTree = "<group>";
		};
		33EDFBBF23C6E9C200EA2AE2 /* Image Processor */ = {
			isa = PBXGroup;
			children = (
				33C9645123C3E14900141B0A /* ScaledElementProcessor.swift */,
				33C9645323C3E15500141B0A /* ScaledElement.swift */,
			);
			path = "Image Processor";
			sourceTree = "<group>";
		};
		641471742A32207F33594924 /* Frameworks */ = {
			isa = PBXGroup;
			children = (
				92FD0AEB3FAD59EFF6E37B89 /* Pods_SnailMail.framework */,
			);
			name = Frameworks;
			sourceTree = "<group>";
		};
		6B2285867B3D8E6742552257 /* Pods */ = {
			isa = PBXGroup;
			children = (
				731A7AC1DCBF795B59B8159F /* Pods-SnailMail.debug.xcconfig */,
				82A5BF2FDCA75EABFB40D534 /* Pods-SnailMail.release.xcconfig */,
			);
			path = Pods;
			sourceTree = "<group>";
		};
/* End PBXGroup section */

/* Begin PBXNativeTarget section */
		33C9643423C3D6CD00141B0A /* SnailMail */ = {
			isa = PBXNativeTarget;
			buildConfigurationList = 33C9644923C3D6D100141B0A /* Build configuration list for PBXNativeTarget "SnailMail" */;
			buildPhases = (
				93B958DB8C236CE033311D42 /* [CP] Check Pods Manifest.lock */,
				33C9643123C3D6CD00141B0A /* Sources */,
				33C9643223C3D6CD00141B0A /* Frameworks */,
				33C9643323C3D6CD00141B0A /* Resources */,
				993AC6D99D020A6C8EFC54D5 /* [CP] Embed Pods Frameworks */,
				521A35EAD1BD5120466D4BF0 /* [CP] Copy Pods Resources */,
			);
			buildRules = (
			);
			dependencies = (
			);
			name = SnailMail;
			productName = SnailMail;
			productReference = 33C9643523C3D6CD00141B0A /* SnailMail.app */;
			productType = "com.apple.product-type.application";
		};
/* End PBXNativeTarget section */

/* Begin PBXProject section */
		33C9642D23C3D6CD00141B0A /* Project object */ = {
			isa = PBXProject;
			attributes = {
				LastSwiftUpdateCheck = 1130;
				LastUpgradeCheck = 1130;
				ORGANIZATIONNAME = SamuelFolledo;
				TargetAttributes = {
					33C9643423C3D6CD00141B0A = {
						CreatedOnToolsVersion = 11.3;
					};
				};
			};
			buildConfigurationList = 33C9643023C3D6CD00141B0A /* Build configuration list for PBXProject "SnailMail" */;
			compatibilityVersion = "Xcode 9.3";
			developmentRegion = en;
			hasScannedForEncodings = 0;
			knownRegions = (
				en,
				Base,
			);
			mainGroup = 33C9642C23C3D6CD00141B0A;
			productRefGroup = 33C9643623C3D6CD00141B0A /* Products */;
			projectDirPath = "";
			projectRoot = "";
			targets = (
				33C9643423C3D6CD00141B0A /* SnailMail */,
			);
		};
/* End PBXProject section */

/* Begin PBXResourcesBuildPhase section */
		33C9643323C3D6CD00141B0A /* Resources */ = {
			isa = PBXResourcesBuildPhase;
			buildActionMask = 2147483647;
			files = (
				33C9644523C3D6D100141B0A /* LaunchScreen.storyboard in Resources */,
				33EDFBB523C6C26E00EA2AE2 /* PopUp.storyboard in Resources */,
				335E485023C562C800C401B2 /* GoogleService-Info.plist in Resources */,
				33C9644223C3D6D100141B0A /* Assets.xcassets in Resources */,
				33C9644023C3D6CD00141B0A /* Main.storyboard in Resources */,
			);
			runOnlyForDeploymentPostprocessing = 0;
		};
/* End PBXResourcesBuildPhase section */

/* Begin PBXShellScriptBuildPhase section */
		521A35EAD1BD5120466D4BF0 /* [CP] Copy Pods Resources */ = {
			isa = PBXShellScriptBuildPhase;
			buildActionMask = 2147483647;
			files = (
			);
			inputFileListPaths = (
				"${PODS_ROOT}/Target Support Files/Pods-SnailMail/Pods-SnailMail-resources-${CONFIGURATION}-input-files.xcfilelist",
			);
			name = "[CP] Copy Pods Resources";
			outputFileListPaths = (
				"${PODS_ROOT}/Target Support Files/Pods-SnailMail/Pods-SnailMail-resources-${CONFIGURATION}-output-files.xcfilelist",
			);
			runOnlyForDeploymentPostprocessing = 0;
			shellPath = /bin/sh;
			shellScript = "\"${PODS_ROOT}/Target Support Files/Pods-SnailMail/Pods-SnailMail-resources.sh\"\n";
			showEnvVarsInLog = 0;
		};
		93B958DB8C236CE033311D42 /* [CP] Check Pods Manifest.lock */ = {
			isa = PBXShellScriptBuildPhase;
			buildActionMask = 2147483647;
			files = (
			);
			inputFileListPaths = (
			);
			inputPaths = (
				"${PODS_PODFILE_DIR_PATH}/Podfile.lock",
				"${PODS_ROOT}/Manifest.lock",
			);
			name = "[CP] Check Pods Manifest.lock";
			outputFileListPaths = (
			);
			outputPaths = (
				"$(DERIVED_FILE_DIR)/Pods-SnailMail-checkManifestLockResult.txt",
			);
			runOnlyForDeploymentPostprocessing = 0;
			shellPath = /bin/sh;
			shellScript = "diff \"${PODS_PODFILE_DIR_PATH}/Podfile.lock\" \"${PODS_ROOT}/Manifest.lock\" > /dev/null\nif [ $? != 0 ] ; then\n    # print error to STDERR\n    echo \"error: The sandbox is not in sync with the Podfile.lock. Run 'pod install' or update your CocoaPods installation.\" >&2\n    exit 1\nfi\n# This output is used by Xcode 'outputs' to avoid re-running this script phase.\necho \"SUCCESS\" > \"${SCRIPT_OUTPUT_FILE_0}\"\n";
			showEnvVarsInLog = 0;
		};
		993AC6D99D020A6C8EFC54D5 /* [CP] Embed Pods Frameworks */ = {
			isa = PBXShellScriptBuildPhase;
			buildActionMask = 2147483647;
			files = (
			);
			inputFileListPaths = (
				"${PODS_ROOT}/Target Support Files/Pods-SnailMail/Pods-SnailMail-frameworks-${CONFIGURATION}-input-files.xcfilelist",
			);
			name = "[CP] Embed Pods Frameworks";
			outputFileListPaths = (
				"${PODS_ROOT}/Target Support Files/Pods-SnailMail/Pods-SnailMail-frameworks-${CONFIGURATION}-output-files.xcfilelist",
			);
			runOnlyForDeploymentPostprocessing = 0;
			shellPath = /bin/sh;
			shellScript = "\"${PODS_ROOT}/Target Support Files/Pods-SnailMail/Pods-SnailMail-frameworks.sh\"\n";
			showEnvVarsInLog = 0;
		};
/* End PBXShellScriptBuildPhase section */

/* Begin PBXSourcesBuildPhase section */
		33C9643123C3D6CD00141B0A /* Sources */ = {
			isa = PBXSourcesBuildPhase;
			buildActionMask = 2147483647;
			files = (
				335E485723C57EED00C401B2 /* Mail.swift in Sources */,
				333FAA3523C88D1A004DF5D0 /* ErrorResult.swift in Sources */,
				33C9645423C3E15500141B0A /* ScaledElement.swift in Sources */,
				335E485523C56FD700C401B2 /* Service.swift in Sources */,
				335E485223C568CD00C401B2 /* MailDatabase.swift in Sources */,
				33EDFBBE23C6E08900EA2AE2 /* UnderlinedTextField.swift in Sources */,
				33C9643D23C3D6CD00141B0A /* ViewController.swift in Sources */,
				333FAA3723C88D6B004DF5D0 /* MailOwner.swift in Sources */,
				333F486923C67548005DED20 /* SettingsVC.swift in Sources */,
				335E485923C580CC00C401B2 /* Constants.swift in Sources */,
				33C9645223C3E14900141B0A /* ScaledElementProcessor.swift in Sources */,
				33EDFBB723C6C80100EA2AE2 /* MenuVC.swift in Sources */,
				33EDFBBB23C6DCB100EA2AE2 /* UIButton+extensions.swift in Sources */,
				33C9643923C3D6CD00141B0A /* AppDelegate.swift in Sources */,
				33C9643B23C3D6CD00141B0A /* SceneDelegate.swift in Sources */,
				333FAA3123C88C38004DF5D0 /* MailAPI.swift in Sources */,
				333F486723C67512005DED20 /* ScannerVC.swift in Sources */,
				3340ACCF23C8343400F80D6A /* String+extensions.swift in Sources */,
				33EDFBB923C6C81500EA2AE2 /* PopUpVC.swift in Sources */,
				3340ACCD23C7D08300F80D6A /* ImageDetailVC.swift in Sources */,
				333F486B23C67563005DED20 /* MailsTableVC.swift in Sources */,
				333C257423C90B7500740E44 /* UIView+extensions.swift in Sources */,
				33C9645623C3E16C00141B0A /* UIImage+extensions.swift in Sources */,
			);
			runOnlyForDeploymentPostprocessing = 0;
		};
/* End PBXSourcesBuildPhase section */

/* Begin PBXVariantGroup section */
		33C9643E23C3D6CD00141B0A /* Main.storyboard */ = {
			isa = PBXVariantGroup;
			children = (
				33C9643F23C3D6CD00141B0A /* Base */,
			);
			name = Main.storyboard;
			sourceTree = "<group>";
		};
		33C9644323C3D6D100141B0A /* LaunchScreen.storyboard */ = {
			isa = PBXVariantGroup;
			children = (
				33C9644423C3D6D100141B0A /* Base */,
			);
			name = LaunchScreen.storyboard;
			sourceTree = "<group>";
		};
/* End PBXVariantGroup section */

/* Begin XCBuildConfiguration section */
		33C9644723C3D6D100141B0A /* Debug */ = {
			isa = XCBuildConfiguration;
			buildSettings = {
				ALWAYS_SEARCH_USER_PATHS = NO;
				CLANG_ANALYZER_NONNULL = YES;
				CLANG_ANALYZER_NUMBER_OBJECT_CONVERSION = YES_AGGRESSIVE;
				CLANG_CXX_LANGUAGE_STANDARD = "gnu++14";
				CLANG_CXX_LIBRARY = "libc++";
				CLANG_ENABLE_MODULES = YES;
				CLANG_ENABLE_OBJC_ARC = YES;
				CLANG_ENABLE_OBJC_WEAK = YES;
				CLANG_WARN_BLOCK_CAPTURE_AUTORELEASING = YES;
				CLANG_WARN_BOOL_CONVERSION = YES;
				CLANG_WARN_COMMA = YES;
				CLANG_WARN_CONSTANT_CONVERSION = YES;
				CLANG_WARN_DEPRECATED_OBJC_IMPLEMENTATIONS = YES;
				CLANG_WARN_DIRECT_OBJC_ISA_USAGE = YES_ERROR;
				CLANG_WARN_DOCUMENTATION_COMMENTS = YES;
				CLANG_WARN_EMPTY_BODY = YES;
				CLANG_WARN_ENUM_CONVERSION = YES;
				CLANG_WARN_INFINITE_RECURSION = YES;
				CLANG_WARN_INT_CONVERSION = YES;
				CLANG_WARN_NON_LITERAL_NULL_CONVERSION = YES;
				CLANG_WARN_OBJC_IMPLICIT_RETAIN_SELF = YES;
				CLANG_WARN_OBJC_LITERAL_CONVERSION = YES;
				CLANG_WARN_OBJC_ROOT_CLASS = YES_ERROR;
				CLANG_WARN_RANGE_LOOP_ANALYSIS = YES;
				CLANG_WARN_STRICT_PROTOTYPES = YES;
				CLANG_WARN_SUSPICIOUS_MOVE = YES;
				CLANG_WARN_UNGUARDED_AVAILABILITY = YES_AGGRESSIVE;
				CLANG_WARN_UNREACHABLE_CODE = YES;
				CLANG_WARN__DUPLICATE_METHOD_MATCH = YES;
				COPY_PHASE_STRIP = NO;
				DEBUG_INFORMATION_FORMAT = dwarf;
				ENABLE_STRICT_OBJC_MSGSEND = YES;
				ENABLE_TESTABILITY = YES;
				GCC_C_LANGUAGE_STANDARD = gnu11;
				GCC_DYNAMIC_NO_PIC = NO;
				GCC_NO_COMMON_BLOCKS = YES;
				GCC_OPTIMIZATION_LEVEL = 0;
				GCC_PREPROCESSOR_DEFINITIONS = (
					"DEBUG=1",
					"$(inherited)",
				);
				GCC_WARN_64_TO_32_BIT_CONVERSION = YES;
				GCC_WARN_ABOUT_RETURN_TYPE = YES_ERROR;
				GCC_WARN_UNDECLARED_SELECTOR = YES;
				GCC_WARN_UNINITIALIZED_AUTOS = YES_AGGRESSIVE;
				GCC_WARN_UNUSED_FUNCTION = YES;
				GCC_WARN_UNUSED_VARIABLE = YES;
				IPHONEOS_DEPLOYMENT_TARGET = 13.2;
				MTL_ENABLE_DEBUG_INFO = INCLUDE_SOURCE;
				MTL_FAST_MATH = YES;
				ONLY_ACTIVE_ARCH = YES;
				SDKROOT = iphoneos;
				SWIFT_ACTIVE_COMPILATION_CONDITIONS = DEBUG;
				SWIFT_OPTIMIZATION_LEVEL = "-Onone";
			};
			name = Debug;
		};
		33C9644823C3D6D100141B0A /* Release */ = {
			isa = XCBuildConfiguration;
			buildSettings = {
				ALWAYS_SEARCH_USER_PATHS = NO;
				CLANG_ANALYZER_NONNULL = YES;
				CLANG_ANALYZER_NUMBER_OBJECT_CONVERSION = YES_AGGRESSIVE;
				CLANG_CXX_LANGUAGE_STANDARD = "gnu++14";
				CLANG_CXX_LIBRARY = "libc++";
				CLANG_ENABLE_MODULES = YES;
				CLANG_ENABLE_OBJC_ARC = YES;
				CLANG_ENABLE_OBJC_WEAK = YES;
				CLANG_WARN_BLOCK_CAPTURE_AUTORELEASING = YES;
				CLANG_WARN_BOOL_CONVERSION = YES;
				CLANG_WARN_COMMA = YES;
				CLANG_WARN_CONSTANT_CONVERSION = YES;
				CLANG_WARN_DEPRECATED_OBJC_IMPLEMENTATIONS = YES;
				CLANG_WARN_DIRECT_OBJC_ISA_USAGE = YES_ERROR;
				CLANG_WARN_DOCUMENTATION_COMMENTS = YES;
				CLANG_WARN_EMPTY_BODY = YES;
				CLANG_WARN_ENUM_CONVERSION = YES;
				CLANG_WARN_INFINITE_RECURSION = YES;
				CLANG_WARN_INT_CONVERSION = YES;
				CLANG_WARN_NON_LITERAL_NULL_CONVERSION = YES;
				CLANG_WARN_OBJC_IMPLICIT_RETAIN_SELF = YES;
				CLANG_WARN_OBJC_LITERAL_CONVERSION = YES;
				CLANG_WARN_OBJC_ROOT_CLASS = YES_ERROR;
				CLANG_WARN_RANGE_LOOP_ANALYSIS = YES;
				CLANG_WARN_STRICT_PROTOTYPES = YES;
				CLANG_WARN_SUSPICIOUS_MOVE = YES;
				CLANG_WARN_UNGUARDED_AVAILABILITY = YES_AGGRESSIVE;
				CLANG_WARN_UNREACHABLE_CODE = YES;
				CLANG_WARN__DUPLICATE_METHOD_MATCH = YES;
				COPY_PHASE_STRIP = NO;
				DEBUG_INFORMATION_FORMAT = "dwarf-with-dsym";
				ENABLE_NS_ASSERTIONS = NO;
				ENABLE_STRICT_OBJC_MSGSEND = YES;
				GCC_C_LANGUAGE_STANDARD = gnu11;
				GCC_NO_COMMON_BLOCKS = YES;
				GCC_WARN_64_TO_32_BIT_CONVERSION = YES;
				GCC_WARN_ABOUT_RETURN_TYPE = YES_ERROR;
				GCC_WARN_UNDECLARED_SELECTOR = YES;
				GCC_WARN_UNINITIALIZED_AUTOS = YES_AGGRESSIVE;
				GCC_WARN_UNUSED_FUNCTION = YES;
				GCC_WARN_UNUSED_VARIABLE = YES;
				IPHONEOS_DEPLOYMENT_TARGET = 13.2;
				MTL_ENABLE_DEBUG_INFO = NO;
				MTL_FAST_MATH = YES;
				SDKROOT = iphoneos;
				SWIFT_COMPILATION_MODE = wholemodule;
				SWIFT_OPTIMIZATION_LEVEL = "-O";
				VALIDATE_PRODUCT = YES;
			};
			name = Release;
		};
		33C9644A23C3D6D100141B0A /* Debug */ = {
			isa = XCBuildConfiguration;
			baseConfigurationReference = 731A7AC1DCBF795B59B8159F /* Pods-SnailMail.debug.xcconfig */;
			buildSettings = {
				ASSETCATALOG_COMPILER_APPICON_NAME = AppIcon;
				CODE_SIGN_STYLE = Automatic;
				DEVELOPMENT_TEAM = 9NY68F4K3P;
				INFOPLIST_FILE = SnailMail/Info.plist;
				LD_RUNPATH_SEARCH_PATHS = (
					"$(inherited)",
					"@executable_path/Frameworks",
				);
				PRODUCT_BUNDLE_IDENTIFIER = SamuelFolledo.SnailMail;
				PRODUCT_NAME = "$(TARGET_NAME)";
				SWIFT_VERSION = 5.0;
				TARGETED_DEVICE_FAMILY = "1,2";
			};
			name = Debug;
		};
		33C9644B23C3D6D100141B0A /* Release */ = {
			isa = XCBuildConfiguration;
			baseConfigurationReference = 82A5BF2FDCA75EABFB40D534 /* Pods-SnailMail.release.xcconfig */;
			buildSettings = {
				ASSETCATALOG_COMPILER_APPICON_NAME = AppIcon;
				CODE_SIGN_STYLE = Automatic;
				DEVELOPMENT_TEAM = 9NY68F4K3P;
				INFOPLIST_FILE = SnailMail/Info.plist;
				LD_RUNPATH_SEARCH_PATHS = (
					"$(inherited)",
					"@executable_path/Frameworks",
				);
				PRODUCT_BUNDLE_IDENTIFIER = SamuelFolledo.SnailMail;
				PRODUCT_NAME = "$(TARGET_NAME)";
				SWIFT_VERSION = 5.0;
				TARGETED_DEVICE_FAMILY = "1,2";
			};
			name = Release;
		};
/* End XCBuildConfiguration section */

/* Begin XCConfigurationList section */
		33C9643023C3D6CD00141B0A /* Build configuration list for PBXProject "SnailMail" */ = {
			isa = XCConfigurationList;
			buildConfigurations = (
				33C9644723C3D6D100141B0A /* Debug */,
				33C9644823C3D6D100141B0A /* Release */,
			);
			defaultConfigurationIsVisible = 0;
			defaultConfigurationName = Release;
		};
		33C9644923C3D6D100141B0A /* Build configuration list for PBXNativeTarget "SnailMail" */ = {
			isa = XCConfigurationList;
			buildConfigurations = (
				33C9644A23C3D6D100141B0A /* Debug */,
				33C9644B23C3D6D100141B0A /* Release */,
			);
			defaultConfigurationIsVisible = 0;
			defaultConfigurationName = Release;
		};
/* End XCConfigurationList section */
	};
	rootObject = 33C9642D23C3D6CD00141B0A /* Project object */;
}
